// !$*UTF8*$!
{
	archiveVersion = 1;
	classes = {
	};
	objectVersion = 55;
	objects = {

/* Begin PBXBuildFile section */
		7C41EAD52871728C00FEFA9D /* AppDelegate.swift in Sources */ = {isa = PBXBuildFile; fileRef = 7C41EAD42871728C00FEFA9D /* AppDelegate.swift */; };
		7C41EAD72871728C00FEFA9D /* SceneDelegate.swift in Sources */ = {isa = PBXBuildFile; fileRef = 7C41EAD62871728C00FEFA9D /* SceneDelegate.swift */; };
		7C41EADC2871728C00FEFA9D /* Main.storyboard in Resources */ = {isa = PBXBuildFile; fileRef = 7C41EADA2871728C00FEFA9D /* Main.storyboard */; };
		7C41EADE2871728D00FEFA9D /* Assets.xcassets in Resources */ = {isa = PBXBuildFile; fileRef = 7C41EADD2871728D00FEFA9D /* Assets.xcassets */; };
		7C41EAE12871728D00FEFA9D /* LaunchScreen.storyboard in Resources */ = {isa = PBXBuildFile; fileRef = 7C41EADF2871728D00FEFA9D /* LaunchScreen.storyboard */; };
		7C41EAEB2871904400FEFA9D /* ViewController.swift in Sources */ = {isa = PBXBuildFile; fileRef = 7C41EAEA2871904400FEFA9D /* ViewController.swift */; };
		7C41EAF92872C9E600FEFA9D /* ListTableViewCell.swift in Sources */ = {isa = PBXBuildFile; fileRef = 7C41EAF82872C9E600FEFA9D /* ListTableViewCell.swift */; };
		7C41EB0328732DD400FEFA9D /* AreaViewController.swift in Sources */ = {isa = PBXBuildFile; fileRef = 7C41EB0228732DD400FEFA9D /* AreaViewController.swift */; };
		7C41EB052873517900FEFA9D /* DetailViewController.swift in Sources */ = {isa = PBXBuildFile; fileRef = 7C41EB042873517900FEFA9D /* DetailViewController.swift */; };
/* End PBXBuildFile section */

/* Begin PBXFileReference section */
		7C41EAD12871728C00FEFA9D /* karrotmarket.app */ = {isa = PBXFileReference; explicitFileType = wrapper.application; includeInIndex = 0; path = karrotmarket.app; sourceTree = BUILT_PRODUCTS_DIR; };
		7C41EAD42871728C00FEFA9D /* AppDelegate.swift */ = {isa = PBXFileReference; lastKnownFileType = sourcecode.swift; path = AppDelegate.swift; sourceTree = "<group>"; };
		7C41EAD62871728C00FEFA9D /* SceneDelegate.swift */ = {isa = PBXFileReference; lastKnownFileType = sourcecode.swift; path = SceneDelegate.swift; sourceTree = "<group>"; };
		7C41EADB2871728C00FEFA9D /* Base */ = {isa = PBXFileReference; lastKnownFileType = file.storyboard; name = Base; path = Base.lproj/Main.storyboard; sourceTree = "<group>"; };
		7C41EADD2871728D00FEFA9D /* Assets.xcassets */ = {isa = PBXFileReference; lastKnownFileType = folder.assetcatalog; path = Assets.xcassets; sourceTree = "<group>"; };
		7C41EAE02871728D00FEFA9D /* Base */ = {isa = PBXFileReference; lastKnownFileType = file.storyboard; name = Base; path = Base.lproj/LaunchScreen.storyboard; sourceTree = "<group>"; };
		7C41EAE22871728D00FEFA9D /* Info.plist */ = {isa = PBXFileReference; lastKnownFileType = text.plist.xml; path = Info.plist; sourceTree = "<group>"; };
		7C41EAEA2871904400FEFA9D /* ViewController.swift */ = {isa = PBXFileReference; lastKnownFileType = sourcecode.swift; path = ViewController.swift; sourceTree = "<group>"; };
		7C41EAF82872C9E600FEFA9D /* ListTableViewCell.swift */ = {isa = PBXFileReference; lastKnownFileType = sourcecode.swift; path = ListTableViewCell.swift; sourceTree = "<group>"; };
		7C41EB0228732DD400FEFA9D /* AreaViewController.swift */ = {isa = PBXFileReference; lastKnownFileType = sourcecode.swift; path = AreaViewController.swift; sourceTree = "<group>"; };
		7C41EB042873517900FEFA9D /* DetailViewController.swift */ = {isa = PBXFileReference; lastKnownFileType = sourcecode.swift; path = DetailViewController.swift; sourceTree = "<group>"; };
/* End PBXFileReference section */

/* Begin PBXFrameworksBuildPhase section */
		7C41EACE2871728C00FEFA9D /* Frameworks */ = {
			isa = PBXFrameworksBuildPhase;
			buildActionMask = 2147483647;
			files = (
			);
			runOnlyForDeploymentPostprocessing = 0;
		};
/* End PBXFrameworksBuildPhase section */

/* Begin PBXGroup section */
		7C41EAC82871728C00FEFA9D = {
			isa = PBXGroup;
			children = (
				7C41EAD32871728C00FEFA9D /* karrotmarket */,
				7C41EAD22871728C00FEFA9D /* Products */,
			);
			sourceTree = "<group>";
		};
		7C41EAD22871728C00FEFA9D /* Products */ = {
			isa = PBXGroup;
			children = (
				7C41EAD12871728C00FEFA9D /* karrotmarket.app */,
			);
			name = Products;
			sourceTree = "<group>";
		};
		7C41EAD32871728C00FEFA9D /* karrotmarket */ = {
			isa = PBXGroup;
			children = (
				7C41EAD42871728C00FEFA9D /* AppDelegate.swift */,
				7C41EAD62871728C00FEFA9D /* SceneDelegate.swift */,
				7C41EADA2871728C00FEFA9D /* Main.storyboard */,
				7C41EADD2871728D00FEFA9D /* Assets.xcassets */,
				7C41EADF2871728D00FEFA9D /* LaunchScreen.storyboard */,
				7C41EAE22871728D00FEFA9D /* Info.plist */,
				7C41EAEA2871904400FEFA9D /* ViewController.swift */,
				7C41EAF82872C9E600FEFA9D /* ListTableViewCell.swift */,
				7C41EB0228732DD400FEFA9D /* AreaViewController.swift */,
				7C41EB042873517900FEFA9D /* DetailViewController.swift */,
			);
			path = karrotmarket;
			sourceTree = "<group>";
		};
/* End PBXGroup section */

/* Begin PBXNativeTarget section */
		7C41EAD02871728C00FEFA9D /* karrotmarket */ = {
			isa = PBXNativeTarget;
			buildConfigurationList = 7C41EAE52871728D00FEFA9D /* Build configuration list for PBXNativeTarget "karrotmarket" */;
			buildPhases = (
				7C41EACD2871728C00FEFA9D /* Sources */,
				7C41EACE2871728C00FEFA9D /* Frameworks */,
				7C41EACF2871728C00FEFA9D /* Resources */,
			);
			buildRules = (
			);
			dependencies = (
			);
			name = karrotmarket;
			productName = karrotmarket;
			productReference = 7C41EAD12871728C00FEFA9D /* karrotmarket.app */;
			productType = "com.apple.product-type.application";
		};
/* End PBXNativeTarget section */

/* Begin PBXProject section */
		7C41EAC92871728C00FEFA9D /* Project object */ = {
			isa = PBXProject;
			attributes = {
				BuildIndependentTargetsInParallel = 1;
				LastSwiftUpdateCheck = 1340;
				LastUpgradeCheck = 1340;
				TargetAttributes = {
					7C41EAD02871728C00FEFA9D = {
						CreatedOnToolsVersion = 13.4.1;
					};
				};
			};
			buildConfigurationList = 7C41EACC2871728C00FEFA9D /* Build configuration list for PBXProject "karrotmarket" */;
			compatibilityVersion = "Xcode 13.0";
			developmentRegion = en;
			hasScannedForEncodings = 0;
			knownRegions = (
				en,
				Base,
			);
			mainGroup = 7C41EAC82871728C00FEFA9D;
			productRefGroup = 7C41EAD22871728C00FEFA9D /* Products */;
			projectDirPath = "";
			projectRoot = "";
			targets = (
				7C41EAD02871728C00FEFA9D /* karrotmarket */,
			);
		};
/* End PBXProject section */

/* Begin PBXResourcesBuildPhase section */
		7C41EACF2871728C00FEFA9D /* Resources */ = {
			isa = PBXResourcesBuildPhase;
			buildActionMask = 2147483647;
			files = (
				7C41EAE12871728D00FEFA9D /* LaunchScreen.storyboard in Resources */,
				7C41EADE2871728D00FEFA9D /* Assets.xcassets in Resources */,
				7C41EADC2871728C00FEFA9D /* Main.storyboard in Resources */,
			);
			runOnlyForDeploymentPostprocessing = 0;
		};
/* End PBXResourcesBuildPhase section */

/* Begin PBXSourcesBuildPhase section */
		7C41EACD2871728C00FEFA9D /* Sources */ = {
			isa = PBXSourcesBuildPhase;
			buildActionMask = 2147483647;
			files = (
				7C41EB0328732DD400FEFA9D /* AreaViewController.swift in Sources */,
				7C41EAEB2871904400FEFA9D /* ViewController.swift in Sources */,
				7C41EAF92872C9E600FEFA9D /* ListTableViewCell.swift in Sources */,
				7C41EB052873517900FEFA9D /* DetailViewController.swift in Sources */,
				7C41EAD52871728C00FEFA9D /* AppDelegate.swift in Sources */,
				7C41EAD72871728C00FEFA9D /* SceneDelegate.swift in Sources */,
			);
			runOnlyForDeploymentPostprocessing = 0;
		};
/* End PBXSourcesBuildPhase section */

/* Begin PBXVariantGroup section */
		7C41EADA2871728C00FEFA9D /* Main.storyboard */ = {
			isa = PBXVariantGroup;
			children = (
				7C41EADB2871728C00FEFA9D /* Base */,
			);
			name = Main.storyboard;
			sourceTree = "<group>";
		};
		7C41EADF2871728D00FEFA9D /* LaunchScreen.storyboard */ = {
			isa = PBXVariantGroup;
			children = (
				7C41EAE02871728D00FEFA9D /* Base */,
			);
			name = LaunchScreen.storyboard;
			sourceTree = "<group>";
		};
/* End PBXVariantGroup section */

/* Begin XCBuildConfiguration section */
		7C41EAE32871728D00FEFA9D /* Debug */ = {
			isa = XCBuildConfiguration;
			buildSettings = {
				ALWAYS_SEARCH_USER_PATHS = NO;
				CLANG_ANALYZER_NONNULL = YES;
				CLANG_ANALYZER_NUMBER_OBJECT_CONVERSION = YES_AGGRESSIVE;
				CLANG_CXX_LANGUAGE_STANDARD = "gnu++17";
				CLANG_ENABLE_MODULES = YES;
				CLANG_ENABLE_OBJC_ARC = YES;
				CLANG_ENABLE_OBJC_WEAK = YES;
				CLANG_WARN_BLOCK_CAPTURE_AUTORELEASING = YES;
				CLANG_WARN_BOOL_CONVERSION = YES;
				CLANG_WARN_COMMA = YES;
				CLANG_WARN_CONSTANT_CONVERSION = YES;
				CLANG_WARN_DEPRECATED_OBJC_IMPLEMENTATIONS = YES;
				CLANG_WARN_DIRECT_OBJC_ISA_USAGE = YES_ERROR;
				CLANG_WARN_DOCUMENTATION_COMMENTS = YES;
				CLANG_WARN_EMPTY_BODY = YES;
				CLANG_WARN_ENUM_CONVERSION = YES;
				CLANG_WARN_INFINITE_RECURSION = YES;
				CLANG_WARN_INT_CONVERSION = YES;
				CLANG_WARN_NON_LITERAL_NULL_CONVERSION = YES;
				CLANG_WARN_OBJC_IMPLICIT_RETAIN_SELF = YES;
				CLANG_WARN_OBJC_LITERAL_CONVERSION = YES;
				CLANG_WARN_OBJC_ROOT_CLASS = YES_ERROR;
				CLANG_WARN_QUOTED_INCLUDE_IN_FRAMEWORK_HEADER = YES;
				CLANG_WARN_RANGE_LOOP_ANALYSIS = YES;
				CLANG_WARN_STRICT_PROTOTYPES = YES;
				CLANG_WARN_SUSPICIOUS_MOVE = YES;
				CLANG_WARN_UNGUARDED_AVAILABILITY = YES_AGGRESSIVE;
				CLANG_WARN_UNREACHABLE_CODE = YES;
				CLANG_WARN__DUPLICATE_METHOD_MATCH = YES;
				COPY_PHASE_STRIP = NO;
				DEBUG_INFORMATION_FORMAT = dwarf;
				ENABLE_STRICT_OBJC_MSGSEND = YES;
				ENABLE_TESTABILITY = YES;
				GCC_C_LANGUAGE_STANDARD = gnu11;
				GCC_DYNAMIC_NO_PIC = NO;
				GCC_NO_COMMON_BLOCKS = YES;
				GCC_OPTIMIZATION_LEVEL = 0;
				GCC_PREPROCESSOR_DEFINITIONS = (
					"DEBUG=1",
					"$(inherited)",
				);
				GCC_WARN_64_TO_32_BIT_CONVERSION = YES;
				GCC_WARN_ABOUT_RETURN_TYPE = YES_ERROR;
				GCC_WARN_UNDECLARED_SELECTOR = YES;
				GCC_WARN_UNINITIALIZED_AUTOS = YES_AGGRESSIVE;
				GCC_WARN_UNUSED_FUNCTION = YES;
				GCC_WARN_UNUSED_VARIABLE = YES;
				IPHONEOS_DEPLOYMENT_TARGET = 15.5;
				MTL_ENABLE_DEBUG_INFO = INCLUDE_SOURCE;
				MTL_FAST_MATH = YES;
				ONLY_ACTIVE_ARCH = YES;
				SDKROOT = iphoneos;
				SWIFT_ACTIVE_COMPILATION_CONDITIONS = DEBUG;
				SWIFT_OPTIMIZATION_LEVEL = "-Onone";
			};
			name = Debug;
		};
		7C41EAE42871728D00FEFA9D /* Release */ = {
			isa = XCBuildConfiguration;
			buildSettings = {
				ALWAYS_SEARCH_USER_PATHS = NO;
				CLANG_ANALYZER_NONNULL = YES;
				CLANG_ANALYZER_NUMBER_OBJECT_CONVERSION = YES_AGGRESSIVE;
				CLANG_CXX_LANGUAGE_STANDARD = "gnu++17";
				CLANG_ENABLE_MODULES = YES;
				CLANG_ENABLE_OBJC_ARC = YES;
				CLANG_ENABLE_OBJC_WEAK = YES;
				CLANG_WARN_BLOCK_CAPTURE_AUTORELEASING = YES;
				CLANG_WARN_BOOL_CONVERSION = YES;
				CLANG_WARN_COMMA = YES;
				CLANG_WARN_CONSTANT_CONVERSION = YES;
				CLANG_WARN_DEPRECATED_OBJC_IMPLEMENTATIONS = YES;
				CLANG_WARN_DIRECT_OBJC_ISA_USAGE = YES_ERROR;
				CLANG_WARN_DOCUMENTATION_COMMENTS = YES;
				CLANG_WARN_EMPTY_BODY = YES;
				CLANG_WARN_ENUM_CONVERSION = YES;
				CLANG_WARN_INFINITE_RECURSION = YES;
				CLANG_WARN_INT_CONVERSION = YES;
				CLANG_WARN_NON_LITERAL_NULL_CONVERSION = YES;
				CLANG_WARN_OBJC_IMPLICIT_RETAIN_SELF = YES;
				CLANG_WARN_OBJC_LITERAL_CONVERSION = YES;
				CLANG_WARN_OBJC_ROOT_CLASS = YES_ERROR;
				CLANG_WARN_QUOTED_INCLUDE_IN_FRAMEWORK_HEADER = YES;
				CLANG_WARN_RANGE_LOOP_ANALYSIS = YES;
				CLANG_WARN_STRICT_PROTOTYPES = YES;
				CLANG_WARN_SUSPICIOUS_MOVE = YES;
				CLANG_WARN_UNGUARDED_AVAILABILITY = YES_AGGRESSIVE;
				CLANG_WARN_UNREACHABLE_CODE = YES;
				CLANG_WARN__DUPLICATE_METHOD_MATCH = YES;
				COPY_PHASE_STRIP = NO;
				DEBUG_INFORMATION_FORMAT = "dwarf-with-dsym";
				ENABLE_NS_ASSERTIONS = NO;
				ENABLE_STRICT_OBJC_MSGSEND = YES;
				GCC_C_LANGUAGE_STANDARD = gnu11;
				GCC_NO_COMMON_BLOCKS = YES;
				GCC_WARN_64_TO_32_BIT_CONVERSION = YES;
				GCC_WARN_ABOUT_RETURN_TYPE = YES_ERROR;
				GCC_WARN_UNDECLARED_SELECTOR = YES;
				GCC_WARN_UNINITIALIZED_AUTOS = YES_AGGRESSIVE;
				GCC_WARN_UNUSED_FUNCTION = YES;
				GCC_WARN_UNUSED_VARIABLE = YES;
				IPHONEOS_DEPLOYMENT_TARGET = 15.5;
				MTL_ENABLE_DEBUG_INFO = NO;
				MTL_FAST_MATH = YES;
				SDKROOT = iphoneos;
				SWIFT_COMPILATION_MODE = wholemodule;
				SWIFT_OPTIMIZATION_LEVEL = "-O";
				VALIDATE_PRODUCT = YES;
			};
			name = Release;
		};
		7C41EAE62871728D00FEFA9D /* Debug */ = {
			isa = XCBuildConfiguration;
			buildSettings = {
				ASSETCATALOG_COMPILER_APPICON_NAME = AppIcon;
				ASSETCATALOG_COMPILER_GLOBAL_ACCENT_COLOR_NAME = AccentColor;
				CODE_SIGN_STYLE = Automatic;
				CURRENT_PROJECT_VERSION = 1;
				DEVELOPMENT_TEAM = Q732628BGB;
				GENERATE_INFOPLIST_FILE = YES;
				INFOPLIST_FILE = karrotmarket/Info.plist;
				INFOPLIST_KEY_UIApplicationSupportsIndirectInputEvents = YES;
				INFOPLIST_KEY_UILaunchStoryboardName = LaunchScreen;
				INFOPLIST_KEY_UIMainStoryboardFile = Main;
				INFOPLIST_KEY_UISupportedInterfaceOrientations_iPad = "UIInterfaceOrientationPortrait UIInterfaceOrientationPortraitUpsideDown UIInterfaceOrientationLandscapeLeft UIInterfaceOrientationLandscapeRight";
				INFOPLIST_KEY_UISupportedInterfaceOrientations_iPhone = "UIInterfaceOrientationPortrait UIInterfaceOrientationLandscapeLeft UIInterfaceOrientationLandscapeRight";
				LD_RUNPATH_SEARCH_PATHS = (
					"$(inherited)",
					"@executable_path/Frameworks",
				);
				MARKETING_VERSION = 1.0;
				PRODUCT_BUNDLE_IDENTIFIER = project.karrotmarket;
				PRODUCT_NAME = "$(TARGET_NAME)";
				SWIFT_EMIT_LOC_STRINGS = YES;
				SWIFT_VERSION = 5.0;
				TARGETED_DEVICE_FAMILY = "1,2";
			};
			name = Debug;
		};
		7C41EAE72871728D00FEFA9D /* Release */ = {
			isa = XCBuildConfiguration;
			buildSettings = {
				ASSETCATALOG_COMPILER_APPICON_NAME = AppIcon;
				ASSETCATALOG_COMPILER_GLOBAL_ACCENT_COLOR_NAME = AccentColor;
				CODE_SIGN_STYLE = Automatic;
				CURRENT_PROJECT_VERSION = 1;
				DEVELOPMENT_TEAM = Q732628BGB;
				GENERATE_INFOPLIST_FILE = YES;
				INFOPLIST_FILE = karrotmarket/Info.plist;
				INFOPLIST_KEY_UIApplicationSupportsIndirectInputEvents = YES;
				INFOPLIST_KEY_UILaunchStoryboardName = LaunchScreen;
				INFOPLIST_KEY_UIMainStoryboardFile = Main;
				INFOPLIST_KEY_UISupportedInterfaceOrientations_iPad = "UIInterfaceOrientationPortrait UIInterfaceOrientationPortraitUpsideDown UIInterfaceOrientationLandscapeLeft UIInterfaceOrientationLandscapeRight";
				INFOPLIST_KEY_UISupportedInterfaceOrientations_iPhone = "UIInterfaceOrientationPortrait UIInterfaceOrientationLandscapeLeft UIInterfaceOrientationLandscapeRight";
				LD_RUNPATH_SEARCH_PATHS = (
					"$(inherited)",
					"@executable_path/Frameworks",
				);
				MARKETING_VERSION = 1.0;
				PRODUCT_BUNDLE_IDENTIFIER = project.karrotmarket;
				PRODUCT_NAME = "$(TARGET_NAME)";
				SWIFT_EMIT_LOC_STRINGS = YES;
				SWIFT_VERSION = 5.0;
				TARGETED_DEVICE_FAMILY = "1,2";
			};
			name = Release;
		};
/* End XCBuildConfiguration section */

/* Begin XCConfigurationList section */
		7C41EACC2871728C00FEFA9D /* Build configuration list for PBXProject "karrotmarket" */ = {
			isa = XCConfigurationList;
			buildConfigurations = (
				7C41EAE32871728D00FEFA9D /* Debug */,
				7C41EAE42871728D00FEFA9D /* Release */,
			);
			defaultConfigurationIsVisible = 0;
			defaultConfigurationName = Release;
		};
		7C41EAE52871728D00FEFA9D /* Build configuration list for PBXNativeTarget "karrotmarket" */ = {
			isa = XCConfigurationList;
			buildConfigurations = (
				7C41EAE62871728D00FEFA9D /* Debug */,
				7C41EAE72871728D00FEFA9D /* Release */,
			);
			defaultConfigurationIsVisible = 0;
			defaultConfigurationName = Release;
		};
/* End XCConfigurationList section */
	};
	rootObject = 7C41EAC92871728C00FEFA9D /* Project object */;
}
