// !$*UTF8*$!
{
	archiveVersion = 1;
	classes = {
	};
	objectVersion = 55;
	objects = {

/* Begin PBXBuildFile section */
		7C482653286A781600E48DC7 /* AppDelegate.swift in Sources */ = {isa = PBXBuildFile; fileRef = 7C482652286A781600E48DC7 /* AppDelegate.swift */; };
		7C482655286A781600E48DC7 /* SceneDelegate.swift in Sources */ = {isa = PBXBuildFile; fileRef = 7C482654286A781600E48DC7 /* SceneDelegate.swift */; };
		7C48265A286A781600E48DC7 /* Main.storyboard in Resources */ = {isa = PBXBuildFile; fileRef = 7C482658286A781600E48DC7 /* Main.storyboard */; };
		7C48265C286A781600E48DC7 /* Assets.xcassets in Resources */ = {isa = PBXBuildFile; fileRef = 7C48265B286A781600E48DC7 /* Assets.xcassets */; };
		7C48265F286A781600E48DC7 /* LaunchScreen.storyboard in Resources */ = {isa = PBXBuildFile; fileRef = 7C48265D286A781600E48DC7 /* LaunchScreen.storyboard */; };
		7C482667286A7BF500E48DC7 /* TableViewController.swift in Sources */ = {isa = PBXBuildFile; fileRef = 7C482666286A7BF500E48DC7 /* TableViewController.swift */; };
		7C482669286A7C2300E48DC7 /* AddViewController.swift in Sources */ = {isa = PBXBuildFile; fileRef = 7C482668286A7C2300E48DC7 /* AddViewController.swift */; };
		7C48266B286A7C3400E48DC7 /* DetailViewController.swift in Sources */ = {isa = PBXBuildFile; fileRef = 7C48266A286A7C3400E48DC7 /* DetailViewController.swift */; };
		7C482673286A9D9400E48DC7 /* check.png in Resources */ = {isa = PBXBuildFile; fileRef = 7C482672286A9D9400E48DC7 /* check.png */; };
/* End PBXBuildFile section */

/* Begin PBXFileReference section */
		7C48264F286A781600E48DC7 /* 3주차_할일목록.app */ = {isa = PBXFileReference; explicitFileType = wrapper.application; includeInIndex = 0; path = "3주차_할일목록.app"; sourceTree = BUILT_PRODUCTS_DIR; };
		7C482652286A781600E48DC7 /* AppDelegate.swift */ = {isa = PBXFileReference; lastKnownFileType = sourcecode.swift; path = AppDelegate.swift; sourceTree = "<group>"; };
		7C482654286A781600E48DC7 /* SceneDelegate.swift */ = {isa = PBXFileReference; lastKnownFileType = sourcecode.swift; path = SceneDelegate.swift; sourceTree = "<group>"; };
		7C482659286A781600E48DC7 /* Base */ = {isa = PBXFileReference; lastKnownFileType = file.storyboard; name = Base; path = Base.lproj/Main.storyboard; sourceTree = "<group>"; };
		7C48265B286A781600E48DC7 /* Assets.xcassets */ = {isa = PBXFileReference; lastKnownFileType = folder.assetcatalog; path = Assets.xcassets; sourceTree = "<group>"; };
		7C48265E286A781600E48DC7 /* Base */ = {isa = PBXFileReference; lastKnownFileType = file.storyboard; name = Base; path = Base.lproj/LaunchScreen.storyboard; sourceTree = "<group>"; };
		7C482660286A781600E48DC7 /* Info.plist */ = {isa = PBXFileReference; lastKnownFileType = text.plist.xml; path = Info.plist; sourceTree = "<group>"; };
		7C482666286A7BF500E48DC7 /* TableViewController.swift */ = {isa = PBXFileReference; lastKnownFileType = sourcecode.swift; path = TableViewController.swift; sourceTree = "<group>"; };
		7C482668286A7C2300E48DC7 /* AddViewController.swift */ = {isa = PBXFileReference; lastKnownFileType = sourcecode.swift; path = AddViewController.swift; sourceTree = "<group>"; };
		7C48266A286A7C3400E48DC7 /* DetailViewController.swift */ = {isa = PBXFileReference; lastKnownFileType = sourcecode.swift; path = DetailViewController.swift; sourceTree = "<group>"; };
		7C482672286A9D9400E48DC7 /* check.png */ = {isa = PBXFileReference; lastKnownFileType = image.png; name = check.png; path = ../../../../check.png; sourceTree = "<group>"; };
/* End PBXFileReference section */

/* Begin PBXFrameworksBuildPhase section */
		7C48264C286A781600E48DC7 /* Frameworks */ = {
			isa = PBXFrameworksBuildPhase;
			buildActionMask = 2147483647;
			files = (
			);
			runOnlyForDeploymentPostprocessing = 0;
		};
/* End PBXFrameworksBuildPhase section */

/* Begin PBXGroup section */
		7C482646286A781600E48DC7 = {
			isa = PBXGroup;
			children = (
				7C482651286A781600E48DC7 /* 3주차_할일목록 */,
				7C482650286A781600E48DC7 /* Products */,
			);
			sourceTree = "<group>";
		};
		7C482650286A781600E48DC7 /* Products */ = {
			isa = PBXGroup;
			children = (
				7C48264F286A781600E48DC7 /* 3주차_할일목록.app */,
			);
			name = Products;
			sourceTree = "<group>";
		};
		7C482651286A781600E48DC7 /* 3주차_할일목록 */ = {
			isa = PBXGroup;
			children = (
				7C482672286A9D9400E48DC7 /* check.png */,
				7C48266A286A7C3400E48DC7 /* DetailViewController.swift */,
				7C482668286A7C2300E48DC7 /* AddViewController.swift */,
				7C482666286A7BF500E48DC7 /* TableViewController.swift */,
				7C482652286A781600E48DC7 /* AppDelegate.swift */,
				7C482654286A781600E48DC7 /* SceneDelegate.swift */,
				7C482658286A781600E48DC7 /* Main.storyboard */,
				7C48265B286A781600E48DC7 /* Assets.xcassets */,
				7C48265D286A781600E48DC7 /* LaunchScreen.storyboard */,
				7C482660286A781600E48DC7 /* Info.plist */,
			);
			path = "3주차_할일목록";
			sourceTree = "<group>";
		};
/* End PBXGroup section */

/* Begin PBXNativeTarget section */
		7C48264E286A781600E48DC7 /* 3주차_할일목록 */ = {
			isa = PBXNativeTarget;
			buildConfigurationList = 7C482663286A781600E48DC7 /* Build configuration list for PBXNativeTarget "3주차_할일목록" */;
			buildPhases = (
				7C48264B286A781600E48DC7 /* Sources */,
				7C48264C286A781600E48DC7 /* Frameworks */,
				7C48264D286A781600E48DC7 /* Resources */,
			);
			buildRules = (
			);
			dependencies = (
			);
			name = "3주차_할일목록";
			productName = "3주차_할일목록";
			productReference = 7C48264F286A781600E48DC7 /* 3주차_할일목록.app */;
			productType = "com.apple.product-type.application";
		};
/* End PBXNativeTarget section */

/* Begin PBXProject section */
		7C482647286A781600E48DC7 /* Project object */ = {
			isa = PBXProject;
			attributes = {
				BuildIndependentTargetsInParallel = 1;
				LastSwiftUpdateCheck = 1340;
				LastUpgradeCheck = 1340;
				TargetAttributes = {
					7C48264E286A781600E48DC7 = {
						CreatedOnToolsVersion = 13.4.1;
					};
				};
			};
			buildConfigurationList = 7C48264A286A781600E48DC7 /* Build configuration list for PBXProject "3주차_할일목록" */;
			compatibilityVersion = "Xcode 13.0";
			developmentRegion = en;
			hasScannedForEncodings = 0;
			knownRegions = (
				en,
				Base,
			);
			mainGroup = 7C482646286A781600E48DC7;
			productRefGroup = 7C482650286A781600E48DC7 /* Products */;
			projectDirPath = "";
			projectRoot = "";
			targets = (
				7C48264E286A781600E48DC7 /* 3주차_할일목록 */,
			);
		};
/* End PBXProject section */

/* Begin PBXResourcesBuildPhase section */
		7C48264D286A781600E48DC7 /* Resources */ = {
			isa = PBXResourcesBuildPhase;
			buildActionMask = 2147483647;
			files = (
				7C48265F286A781600E48DC7 /* LaunchScreen.storyboard in Resources */,
				7C48265C286A781600E48DC7 /* Assets.xcassets in Resources */,
				7C482673286A9D9400E48DC7 /* check.png in Resources */,
				7C48265A286A781600E48DC7 /* Main.storyboard in Resources */,
			);
			runOnlyForDeploymentPostprocessing = 0;
		};
/* End PBXResourcesBuildPhase section */

/* Begin PBXSourcesBuildPhase section */
		7C48264B286A781600E48DC7 /* Sources */ = {
			isa = PBXSourcesBuildPhase;
			buildActionMask = 2147483647;
			files = (
				7C482653286A781600E48DC7 /* AppDelegate.swift in Sources */,
				7C482667286A7BF500E48DC7 /* TableViewController.swift in Sources */,
				7C48266B286A7C3400E48DC7 /* DetailViewController.swift in Sources */,
				7C482669286A7C2300E48DC7 /* AddViewController.swift in Sources */,
				7C482655286A781600E48DC7 /* SceneDelegate.swift in Sources */,
			);
			runOnlyForDeploymentPostprocessing = 0;
		};
/* End PBXSourcesBuildPhase section */

/* Begin PBXVariantGroup section */
		7C482658286A781600E48DC7 /* Main.storyboard */ = {
			isa = PBXVariantGroup;
			children = (
				7C482659286A781600E48DC7 /* Base */,
			);
			name = Main.storyboard;
			sourceTree = "<group>";
		};
		7C48265D286A781600E48DC7 /* LaunchScreen.storyboard */ = {
			isa = PBXVariantGroup;
			children = (
				7C48265E286A781600E48DC7 /* Base */,
			);
			name = LaunchScreen.storyboard;
			sourceTree = "<group>";
		};
/* End PBXVariantGroup section */

/* Begin XCBuildConfiguration section */
		7C482661286A781600E48DC7 /* Debug */ = {
			isa = XCBuildConfiguration;
			buildSettings = {
				ALWAYS_SEARCH_USER_PATHS = NO;
				CLANG_ANALYZER_NONNULL = YES;
				CLANG_ANALYZER_NUMBER_OBJECT_CONVERSION = YES_AGGRESSIVE;
				CLANG_CXX_LANGUAGE_STANDARD = "gnu++17";
				CLANG_ENABLE_MODULES = YES;
				CLANG_ENABLE_OBJC_ARC = YES;
				CLANG_ENABLE_OBJC_WEAK = YES;
				CLANG_WARN_BLOCK_CAPTURE_AUTORELEASING = YES;
				CLANG_WARN_BOOL_CONVERSION = YES;
				CLANG_WARN_COMMA = YES;
				CLANG_WARN_CONSTANT_CONVERSION = YES;
				CLANG_WARN_DEPRECATED_OBJC_IMPLEMENTATIONS = YES;
				CLANG_WARN_DIRECT_OBJC_ISA_USAGE = YES_ERROR;
				CLANG_WARN_DOCUMENTATION_COMMENTS = YES;
				CLANG_WARN_EMPTY_BODY = YES;
				CLANG_WARN_ENUM_CONVERSION = YES;
				CLANG_WARN_INFINITE_RECURSION = YES;
				CLANG_WARN_INT_CONVERSION = YES;
				CLANG_WARN_NON_LITERAL_NULL_CONVERSION = YES;
				CLANG_WARN_OBJC_IMPLICIT_RETAIN_SELF = YES;
				CLANG_WARN_OBJC_LITERAL_CONVERSION = YES;
				CLANG_WARN_OBJC_ROOT_CLASS = YES_ERROR;
				CLANG_WARN_QUOTED_INCLUDE_IN_FRAMEWORK_HEADER = YES;
				CLANG_WARN_RANGE_LOOP_ANALYSIS = YES;
				CLANG_WARN_STRICT_PROTOTYPES = YES;
				CLANG_WARN_SUSPICIOUS_MOVE = YES;
				CLANG_WARN_UNGUARDED_AVAILABILITY = YES_AGGRESSIVE;
				CLANG_WARN_UNREACHABLE_CODE = YES;
				CLANG_WARN__DUPLICATE_METHOD_MATCH = YES;
				COPY_PHASE_STRIP = NO;
				DEBUG_INFORMATION_FORMAT = dwarf;
				ENABLE_STRICT_OBJC_MSGSEND = YES;
				ENABLE_TESTABILITY = YES;
				GCC_C_LANGUAGE_STANDARD = gnu11;
				GCC_DYNAMIC_NO_PIC = NO;
				GCC_NO_COMMON_BLOCKS = YES;
				GCC_OPTIMIZATION_LEVEL = 0;
				GCC_PREPROCESSOR_DEFINITIONS = (
					"DEBUG=1",
					"$(inherited)",
				);
				GCC_WARN_64_TO_32_BIT_CONVERSION = YES;
				GCC_WARN_ABOUT_RETURN_TYPE = YES_ERROR;
				GCC_WARN_UNDECLARED_SELECTOR = YES;
				GCC_WARN_UNINITIALIZED_AUTOS = YES_AGGRESSIVE;
				GCC_WARN_UNUSED_FUNCTION = YES;
				GCC_WARN_UNUSED_VARIABLE = YES;
				IPHONEOS_DEPLOYMENT_TARGET = 15.5;
				MTL_ENABLE_DEBUG_INFO = INCLUDE_SOURCE;
				MTL_FAST_MATH = YES;
				ONLY_ACTIVE_ARCH = YES;
				SDKROOT = iphoneos;
				SWIFT_ACTIVE_COMPILATION_CONDITIONS = DEBUG;
				SWIFT_OPTIMIZATION_LEVEL = "-Onone";
			};
			name = Debug;
		};
		7C482662286A781600E48DC7 /* Release */ = {
			isa = XCBuildConfiguration;
			buildSettings = {
				ALWAYS_SEARCH_USER_PATHS = NO;
				CLANG_ANALYZER_NONNULL = YES;
				CLANG_ANALYZER_NUMBER_OBJECT_CONVERSION = YES_AGGRESSIVE;
				CLANG_CXX_LANGUAGE_STANDARD = "gnu++17";
				CLANG_ENABLE_MODULES = YES;
				CLANG_ENABLE_OBJC_ARC = YES;
				CLANG_ENABLE_OBJC_WEAK = YES;
				CLANG_WARN_BLOCK_CAPTURE_AUTORELEASING = YES;
				CLANG_WARN_BOOL_CONVERSION = YES;
				CLANG_WARN_COMMA = YES;
				CLANG_WARN_CONSTANT_CONVERSION = YES;
				CLANG_WARN_DEPRECATED_OBJC_IMPLEMENTATIONS = YES;
				CLANG_WARN_DIRECT_OBJC_ISA_USAGE = YES_ERROR;
				CLANG_WARN_DOCUMENTATION_COMMENTS = YES;
				CLANG_WARN_EMPTY_BODY = YES;
				CLANG_WARN_ENUM_CONVERSION = YES;
				CLANG_WARN_INFINITE_RECURSION = YES;
				CLANG_WARN_INT_CONVERSION = YES;
				CLANG_WARN_NON_LITERAL_NULL_CONVERSION = YES;
				CLANG_WARN_OBJC_IMPLICIT_RETAIN_SELF = YES;
				CLANG_WARN_OBJC_LITERAL_CONVERSION = YES;
				CLANG_WARN_OBJC_ROOT_CLASS = YES_ERROR;
				CLANG_WARN_QUOTED_INCLUDE_IN_FRAMEWORK_HEADER = YES;
				CLANG_WARN_RANGE_LOOP_ANALYSIS = YES;
				CLANG_WARN_STRICT_PROTOTYPES = YES;
				CLANG_WARN_SUSPICIOUS_MOVE = YES;
				CLANG_WARN_UNGUARDED_AVAILABILITY = YES_AGGRESSIVE;
				CLANG_WARN_UNREACHABLE_CODE = YES;
				CLANG_WARN__DUPLICATE_METHOD_MATCH = YES;
				COPY_PHASE_STRIP = NO;
				DEBUG_INFORMATION_FORMAT = "dwarf-with-dsym";
				ENABLE_NS_ASSERTIONS = NO;
				ENABLE_STRICT_OBJC_MSGSEND = YES;
				GCC_C_LANGUAGE_STANDARD = gnu11;
				GCC_NO_COMMON_BLOCKS = YES;
				GCC_WARN_64_TO_32_BIT_CONVERSION = YES;
				GCC_WARN_ABOUT_RETURN_TYPE = YES_ERROR;
				GCC_WARN_UNDECLARED_SELECTOR = YES;
				GCC_WARN_UNINITIALIZED_AUTOS = YES_AGGRESSIVE;
				GCC_WARN_UNUSED_FUNCTION = YES;
				GCC_WARN_UNUSED_VARIABLE = YES;
				IPHONEOS_DEPLOYMENT_TARGET = 15.5;
				MTL_ENABLE_DEBUG_INFO = NO;
				MTL_FAST_MATH = YES;
				SDKROOT = iphoneos;
				SWIFT_COMPILATION_MODE = wholemodule;
				SWIFT_OPTIMIZATION_LEVEL = "-O";
				VALIDATE_PRODUCT = YES;
			};
			name = Release;
		};
		7C482664286A781600E48DC7 /* Debug */ = {
			isa = XCBuildConfiguration;
			buildSettings = {
				ASSETCATALOG_COMPILER_APPICON_NAME = AppIcon;
				ASSETCATALOG_COMPILER_GLOBAL_ACCENT_COLOR_NAME = AccentColor;
				CODE_SIGN_STYLE = Automatic;
				CURRENT_PROJECT_VERSION = 1;
				DEVELOPMENT_TEAM = Q732628BGB;
				GENERATE_INFOPLIST_FILE = YES;
				INFOPLIST_FILE = "3주차_할일목록/Info.plist";
				INFOPLIST_KEY_UIApplicationSupportsIndirectInputEvents = YES;
				INFOPLIST_KEY_UILaunchStoryboardName = LaunchScreen;
				INFOPLIST_KEY_UIMainStoryboardFile = Main;
				INFOPLIST_KEY_UISupportedInterfaceOrientations_iPad = "UIInterfaceOrientationPortrait UIInterfaceOrientationPortraitUpsideDown UIInterfaceOrientationLandscapeLeft UIInterfaceOrientationLandscapeRight";
				INFOPLIST_KEY_UISupportedInterfaceOrientations_iPhone = "UIInterfaceOrientationPortrait UIInterfaceOrientationLandscapeLeft UIInterfaceOrientationLandscapeRight";
				LD_RUNPATH_SEARCH_PATHS = (
					"$(inherited)",
					"@executable_path/Frameworks",
				);
				MARKETING_VERSION = 1.0;
				PRODUCT_BUNDLE_IDENTIFIER = "project.------------------";
				PRODUCT_NAME = "$(TARGET_NAME)";
				SWIFT_EMIT_LOC_STRINGS = YES;
				SWIFT_VERSION = 5.0;
				TARGETED_DEVICE_FAMILY = "1,2";
			};
			name = Debug;
		};
		7C482665286A781600E48DC7 /* Release */ = {
			isa = XCBuildConfiguration;
			buildSettings = {
				ASSETCATALOG_COMPILER_APPICON_NAME = AppIcon;
				ASSETCATALOG_COMPILER_GLOBAL_ACCENT_COLOR_NAME = AccentColor;
				CODE_SIGN_STYLE = Automatic;
				CURRENT_PROJECT_VERSION = 1;
				DEVELOPMENT_TEAM = Q732628BGB;
				GENERATE_INFOPLIST_FILE = YES;
				INFOPLIST_FILE = "3주차_할일목록/Info.plist";
				INFOPLIST_KEY_UIApplicationSupportsIndirectInputEvents = YES;
				INFOPLIST_KEY_UILaunchStoryboardName = LaunchScreen;
				INFOPLIST_KEY_UIMainStoryboardFile = Main;
				INFOPLIST_KEY_UISupportedInterfaceOrientations_iPad = "UIInterfaceOrientationPortrait UIInterfaceOrientationPortraitUpsideDown UIInterfaceOrientationLandscapeLeft UIInterfaceOrientationLandscapeRight";
				INFOPLIST_KEY_UISupportedInterfaceOrientations_iPhone = "UIInterfaceOrientationPortrait UIInterfaceOrientationLandscapeLeft UIInterfaceOrientationLandscapeRight";
				LD_RUNPATH_SEARCH_PATHS = (
					"$(inherited)",
					"@executable_path/Frameworks",
				);
				MARKETING_VERSION = 1.0;
				PRODUCT_BUNDLE_IDENTIFIER = "project.------------------";
				PRODUCT_NAME = "$(TARGET_NAME)";
				SWIFT_EMIT_LOC_STRINGS = YES;
				SWIFT_VERSION = 5.0;
				TARGETED_DEVICE_FAMILY = "1,2";
			};
			name = Release;
		};
/* End XCBuildConfiguration section */

/* Begin XCConfigurationList section */
		7C48264A286A781600E48DC7 /* Build configuration list for PBXProject "3주차_할일목록" */ = {
			isa = XCConfigurationList;
			buildConfigurations = (
				7C482661286A781600E48DC7 /* Debug */,
				7C482662286A781600E48DC7 /* Release */,
			);
			defaultConfigurationIsVisible = 0;
			defaultConfigurationName = Release;
		};
		7C482663286A781600E48DC7 /* Build configuration list for PBXNativeTarget "3주차_할일목록" */ = {
			isa = XCConfigurationList;
			buildConfigurations = (
				7C482664286A781600E48DC7 /* Debug */,
				7C482665286A781600E48DC7 /* Release */,
			);
			defaultConfigurationIsVisible = 0;
			defaultConfigurationName = Release;
		};
/* End XCConfigurationList section */
	};
	rootObject = 7C482647286A781600E48DC7 /* Project object */;
}
